
Microsoft Visual Studio Solution File, Format Version 12.00
# Visual Studio 14
VisualStudioVersion = 14.0.24720.0
MinimumVisualStudioVersion = 10.0.40219.1
Project("{FAE04EC0-301F-11D3-BF4B-00C04F79EFBC}") = "Serilog.Sinks.SentryIO", "src\Serilog.Sinks.SentryIO\Serilog.Sinks.SentryIO.csproj", "{2B4DE1EE-EC7F-4431-A93B-71C24BE860F0}"
EndProject
Project("{2150E333-8FDC-42A3-9474-1A3956D46DE8}") = "src", "src", "{2D46E83F-B90B-4082-8B1B-4CD1B1B22AD1}"
EndProject
Global
	GlobalSection(SolutionConfigurationPlatforms) = preSolution
		Debug|Any CPU = Debug|Any CPU
		Release|Any CPU = Release|Any CPU
	EndGlobalSection
	GlobalSection(ProjectConfigurationPlatforms) = postSolution
		{2B4DE1EE-EC7F-4431-A93B-71C24BE860F0}.Debug|Any CPU.ActiveCfg = Debug|Any CPU
		{2B4DE1EE-EC7F-4431-A93B-71C24BE860F0}.Debug|Any CPU.Build.0 = Debug|Any CPU
		{2B4DE1EE-EC7F-4431-A93B-71C24BE860F0}.Release|Any CPU.ActiveCfg = Release|Any CPU
		{2B4DE1EE-EC7F-4431-A93B-71C24BE860F0}.Release|Any CPU.Build.0 = Release|Any CPU
	EndGlobalSection
	GlobalSection(SolutionProperties) = preSolution
		HideSolutionNode = FALSE
	EndGlobalSection
	GlobalSection(NestedProjects) = preSolution
		{2B4DE1EE-EC7F-4431-A93B-71C24BE860F0} = {2D46E83F-B90B-4082-8B1B-4CD1B1B22AD1}
	EndGlobalSection
EndGlobal
